
Microsoft Visual Studio Solution File, Format Version 12.00
# Visual Studio 2013
VisualStudioVersion = 12.0.30501.0
MinimumVisualStudioVersion = 10.0.40219.1
Project("{FAE04EC0-301F-11D3-BF4B-00C04F79EFBC}") = "DomainAEvents", "DomainAEvents\DomainAEvents.csproj", "{CA64AC42-4DFF-45E2-84AA-DECE9439922F}"
EndProject
Project("{2150E333-8FDC-42A3-9474-1A3956D46DE8}") = "DomainAExportedLibs", "DomainAExportedLibs", "{198FAFA1-C731-4094-8849-F571186F788E}"
EndProject
Project("{FAE04EC0-301F-11D3-BF4B-00C04F79EFBC}") = "DomainAEvents.Tests", "DomainEvents.Tests\DomainAEvents.Tests.csproj", "{7B0D0A41-0A60-4182-9B89-70AA2066BBAF}"
EndProject
Project("{2150E333-8FDC-42A3-9474-1A3956D46DE8}") = "EventProcessors", "EventProcessors", "{AC6AC679-68BC-4C8E-9FEC-6EE2A42D51C7}"
EndProject
Project("{FAE04EC0-301F-11D3-BF4B-00C04F79EFBC}") = "DomainAEventProcessors", "DomainAEventProcessors\DomainAEventProcessors.csproj", "{4D494685-9AB6-4CC9-B025-63E8BEE72CB6}"
EndProject
Project("{FAE04EC0-301F-11D3-BF4B-00C04F79EFBC}") = "DomainAEventProcessors.Tests", "DomainAEventProcessor.Tests\DomainAEventProcessors.Tests.csproj", "{16E0C3D5-57CF-4E6A-8218-04B6FDFA8F57}"
EndProject
Project("{FAE04EC0-301F-11D3-BF4B-00C04F79EFBC}") = "EventProcessing.Framework", "EventProcessing.Framework\EventProcessing.Framework.csproj", "{BC2531B8-699B-4E4B-B18F-D2C3797992BD}"
EndProject
Project("{2150E333-8FDC-42A3-9474-1A3956D46DE8}") = "Service", "Service", "{B07FCD69-9DD4-46A2-A384-2134634BC459}"
EndProject
Project("{2150E333-8FDC-42A3-9474-1A3956D46DE8}") = "Framework", "Framework", "{FD9432CA-7BFA-4DB7-9DCA-47B54471EC20}"
EndProject
Project("{FAE04EC0-301F-11D3-BF4B-00C04F79EFBC}") = "Events", "Events\Events.csproj", "{08ADE979-4B88-48E5-8999-C73962A290FB}"
EndProject
Project("{FAE04EC0-301F-11D3-BF4B-00C04F79EFBC}") = "EventProcessing.Framework.Tests", "EventProcessing.Framework.Tests\EventProcessing.Framework.Tests.csproj", "{6FBE0177-9367-4E3A-83DE-4A3515B5632F}"
EndProject
Project("{FAE04EC0-301F-11D3-BF4B-00C04F79EFBC}") = "MonitoringService", "MonitoringService\MonitoringService.csproj", "{8458BF5B-48C3-47AF-AA26-37CF11E03697}"
EndProject
Project("{FAE04EC0-301F-11D3-BF4B-00C04F79EFBC}") = "MonitoringService.Tests", "MonitoringService.Tests\MonitoringService.Tests.csproj", "{237ACC2C-D6CD-4C36-A872-A0505D00E39E}"
EndProject
Global
	GlobalSection(SolutionConfigurationPlatforms) = preSolution
		Debug|Any CPU = Debug|Any CPU
		Release|Any CPU = Release|Any CPU
	EndGlobalSection
	GlobalSection(ProjectConfigurationPlatforms) = postSolution
		{CA64AC42-4DFF-45E2-84AA-DECE9439922F}.Debug|Any CPU.ActiveCfg = Debug|Any CPU
		{CA64AC42-4DFF-45E2-84AA-DECE9439922F}.Debug|Any CPU.Build.0 = Debug|Any CPU
		{CA64AC42-4DFF-45E2-84AA-DECE9439922F}.Release|Any CPU.ActiveCfg = Release|Any CPU
		{CA64AC42-4DFF-45E2-84AA-DECE9439922F}.Release|Any CPU.Build.0 = Release|Any CPU
		{7B0D0A41-0A60-4182-9B89-70AA2066BBAF}.Debug|Any CPU.ActiveCfg = Debug|Any CPU
		{7B0D0A41-0A60-4182-9B89-70AA2066BBAF}.Debug|Any CPU.Build.0 = Debug|Any CPU
		{7B0D0A41-0A60-4182-9B89-70AA2066BBAF}.Release|Any CPU.ActiveCfg = Release|Any CPU
		{7B0D0A41-0A60-4182-9B89-70AA2066BBAF}.Release|Any CPU.Build.0 = Release|Any CPU
		{4D494685-9AB6-4CC9-B025-63E8BEE72CB6}.Debug|Any CPU.ActiveCfg = Debug|Any CPU
		{4D494685-9AB6-4CC9-B025-63E8BEE72CB6}.Debug|Any CPU.Build.0 = Debug|Any CPU
		{4D494685-9AB6-4CC9-B025-63E8BEE72CB6}.Release|Any CPU.ActiveCfg = Release|Any CPU
		{4D494685-9AB6-4CC9-B025-63E8BEE72CB6}.Release|Any CPU.Build.0 = Release|Any CPU
		{16E0C3D5-57CF-4E6A-8218-04B6FDFA8F57}.Debug|Any CPU.ActiveCfg = Debug|Any CPU
		{16E0C3D5-57CF-4E6A-8218-04B6FDFA8F57}.Debug|Any CPU.Build.0 = Debug|Any CPU
		{16E0C3D5-57CF-4E6A-8218-04B6FDFA8F57}.Release|Any CPU.ActiveCfg = Release|Any CPU
		{16E0C3D5-57CF-4E6A-8218-04B6FDFA8F57}.Release|Any CPU.Build.0 = Release|Any CPU
		{BC2531B8-699B-4E4B-B18F-D2C3797992BD}.Debug|Any CPU.ActiveCfg = Debug|Any CPU
		{BC2531B8-699B-4E4B-B18F-D2C3797992BD}.Debug|Any CPU.Build.0 = Debug|Any CPU
		{BC2531B8-699B-4E4B-B18F-D2C3797992BD}.Release|Any CPU.ActiveCfg = Release|Any CPU
		{BC2531B8-699B-4E4B-B18F-D2C3797992BD}.Release|Any CPU.Build.0 = Release|Any CPU
		{08ADE979-4B88-48E5-8999-C73962A290FB}.Debug|Any CPU.ActiveCfg = Debug|Any CPU
		{08ADE979-4B88-48E5-8999-C73962A290FB}.Debug|Any CPU.Build.0 = Debug|Any CPU
		{08ADE979-4B88-48E5-8999-C73962A290FB}.Release|Any CPU.ActiveCfg = Release|Any CPU
		{08ADE979-4B88-48E5-8999-C73962A290FB}.Release|Any CPU.Build.0 = Release|Any CPU
		{6FBE0177-9367-4E3A-83DE-4A3515B5632F}.Debug|Any CPU.ActiveCfg = Debug|Any CPU
		{6FBE0177-9367-4E3A-83DE-4A3515B5632F}.Debug|Any CPU.Build.0 = Debug|Any CPU
		{6FBE0177-9367-4E3A-83DE-4A3515B5632F}.Release|Any CPU.ActiveCfg = Release|Any CPU
		{6FBE0177-9367-4E3A-83DE-4A3515B5632F}.Release|Any CPU.Build.0 = Release|Any CPU
		{8458BF5B-48C3-47AF-AA26-37CF11E03697}.Debug|Any CPU.ActiveCfg = Debug|Any CPU
		{8458BF5B-48C3-47AF-AA26-37CF11E03697}.Debug|Any CPU.Build.0 = Debug|Any CPU
		{8458BF5B-48C3-47AF-AA26-37CF11E03697}.Release|Any CPU.ActiveCfg = Release|Any CPU
		{8458BF5B-48C3-47AF-AA26-37CF11E03697}.Release|Any CPU.Build.0 = Release|Any CPU
		{237ACC2C-D6CD-4C36-A872-A0505D00E39E}.Debug|Any CPU.ActiveCfg = Debug|Any CPU
		{237ACC2C-D6CD-4C36-A872-A0505D00E39E}.Debug|Any CPU.Build.0 = Debug|Any CPU
		{237ACC2C-D6CD-4C36-A872-A0505D00E39E}.Release|Any CPU.ActiveCfg = Release|Any CPU
		{237ACC2C-D6CD-4C36-A872-A0505D00E39E}.Release|Any CPU.Build.0 = Release|Any CPU
	EndGlobalSection
	GlobalSection(SolutionProperties) = preSolution
		HideSolutionNode = FALSE
	EndGlobalSection
	GlobalSection(NestedProjects) = preSolution
		{CA64AC42-4DFF-45E2-84AA-DECE9439922F} = {198FAFA1-C731-4094-8849-F571186F788E}
		{7B0D0A41-0A60-4182-9B89-70AA2066BBAF} = {198FAFA1-C731-4094-8849-F571186F788E}
		{4D494685-9AB6-4CC9-B025-63E8BEE72CB6} = {AC6AC679-68BC-4C8E-9FEC-6EE2A42D51C7}
		{16E0C3D5-57CF-4E6A-8218-04B6FDFA8F57} = {AC6AC679-68BC-4C8E-9FEC-6EE2A42D51C7}
		{BC2531B8-699B-4E4B-B18F-D2C3797992BD} = {FD9432CA-7BFA-4DB7-9DCA-47B54471EC20}
		{08ADE979-4B88-48E5-8999-C73962A290FB} = {FD9432CA-7BFA-4DB7-9DCA-47B54471EC20}
		{6FBE0177-9367-4E3A-83DE-4A3515B5632F} = {FD9432CA-7BFA-4DB7-9DCA-47B54471EC20}
		{8458BF5B-48C3-47AF-AA26-37CF11E03697} = {B07FCD69-9DD4-46A2-A384-2134634BC459}
		{237ACC2C-D6CD-4C36-A872-A0505D00E39E} = {B07FCD69-9DD4-46A2-A384-2134634BC459}
	EndGlobalSection
EndGlobal
